{
    "version": 3,
    "terraform_version": "0.11.7",
    "serial": 18,
    "lineage": "3d834e82-8512-655b-c802-b23b9dde0cb2",
    "modules": [
        {
            "path": [
                "root"
            ],
            "outputs": {
                "app_external_ip": {
                    "sensitive": false,
                    "type": "string",
                    "value": "104.199.104.253"
                }
            },
            "resources": {
                "google_compute_firewall.firewall_puma": {
                    "type": "google_compute_firewall",
                    "depends_on": [],
                    "primary": {
                        "id": "allow-puma-default",
                        "attributes": {
                            "allow.#": "1",
                            "allow.931060522.ports.#": "1",
                            "allow.931060522.ports.0": "9292",
                            "allow.931060522.protocol": "tcp",
                            "deny.#": "0",
                            "description": "",
                            "destination_ranges.#": "0",
                            "id": "allow-puma-default",
                            "name": "allow-puma-default",
                            "network": "https://www.googleapis.com/compute/v1/projects/infra-210907/global/networks/default",
                            "priority": "1000",
                            "project": "infra-210907",
                            "self_link": "https://www.googleapis.com/compute/v1/projects/infra-210907/global/firewalls/allow-puma-default",
                            "source_ranges.#": "1",
                            "source_ranges.1080289494": "0.0.0.0/0",
                            "source_service_accounts.#": "0",
                            "source_tags.#": "0",
                            "target_service_accounts.#": "0",
                            "target_tags.#": "1",
                            "target_tags.1799682348": "reddit-app"
                        },
                        "meta": {
                            "schema_version": "1"
                        },
                        "tainted": false
                    },
                    "deposed": [],
                    "provider": "provider.google"
                },
                "google_compute_instance.app": {
                    "type": "google_compute_instance",
                    "depends_on": [],
                    "primary": {
                        "id": "reddit-app",
                        "attributes": {
                            "attached_disk.#": "0",
                            "boot_disk.#": "1",
                            "boot_disk.0.auto_delete": "true",
                            "boot_disk.0.device_name": "persistent-disk-0",
                            "boot_disk.0.disk_encryption_key_raw": "",
                            "boot_disk.0.disk_encryption_key_sha256": "",
                            "boot_disk.0.initialize_params.#": "1",
                            "boot_disk.0.initialize_params.0.image": "reddit-base",
                            "boot_disk.0.initialize_params.0.size": "0",
                            "boot_disk.0.initialize_params.0.type": "",
                            "boot_disk.0.source": "https://www.googleapis.com/compute/v1/projects/infra-210907/zones/europe-west1-b/disks/reddit-app",
                            "can_ip_forward": "false",
                            "cpu_platform": "Intel Sandy Bridge",
                            "create_timeout": "4",
                            "guest_accelerator.#": "0",
                            "id": "reddit-app",
                            "instance_id": "7570406527517514207",
                            "label_fingerprint": "42WmSpB8rSM=",
                            "machine_type": "g1-small",
                            "metadata.%": "1",
                            "metadata.ssh-keys": "appuser:ssh-rsa AAAAB3NzaC1yc2EAAAADAQABAAABAQChk2bcR8hjYNoB3Zbg0vqM0Z4PPPrnZ1q630caJmJWcDDJzUqh8NuG9LmdfsZjWB6Il7stnPj2LYV6XRdHqwTWi/cCcKZPnaUvADSIVY8AXPB2oe7WuUfTp6S+yKFAn8qLuafKDWxF0ER6W/EjlxuBtzK5K8x2tV5HBl3UqUeHA7dVevIiIj0Rr3axoy/akjjNCWgT5N/LBtF/XFBseaqZh7lFZJUegvnN8ERYZ7vj8Gajr9bbodS5ayEhOAoF0mNGcM6sQ+qt8ecgG+T/R0Yy3diGgX/7EGuIdCp5Hm9LOgVuWljfE0S8/twV6yvFUdews//yp0BmT7zjrsStOGev appuser\n",
                            "metadata_fingerprint": "gHM_yqDTm34=",
                            "min_cpu_platform": "",
                            "name": "reddit-app",
                            "network_interface.#": "1",
                            "network_interface.0.access_config.#": "1",
                            "network_interface.0.access_config.0.assigned_nat_ip": "104.199.104.253",
                            "network_interface.0.access_config.0.nat_ip": "104.199.104.253",
                            "network_interface.0.address": "10.132.0.4",
                            "network_interface.0.alias_ip_range.#": "0",
                            "network_interface.0.name": "nic0",
                            "network_interface.0.network": "https://www.googleapis.com/compute/v1/projects/infra-210907/global/networks/default",
                            "network_interface.0.network_ip": "10.132.0.4",
                            "network_interface.0.subnetwork": "https://www.googleapis.com/compute/v1/projects/infra-210907/regions/europe-west1/subnetworks/default",
                            "network_interface.0.subnetwork_project": "infra-210907",
                            "project": "infra-210907",
                            "scheduling.#": "1",
                            "scheduling.0.automatic_restart": "true",
                            "scheduling.0.on_host_maintenance": "MIGRATE",
                            "scheduling.0.preemptible": "false",
                            "scratch_disk.#": "0",
                            "self_link": "https://www.googleapis.com/compute/v1/projects/infra-210907/zones/europe-west1-b/instances/reddit-app",
                            "service_account.#": "0",
                            "tags.#": "1",
                            "tags.1799682348": "reddit-app",
                            "tags_fingerprint": "M-ggixIz-AU=",
                            "zone": "europe-west1-b"
                        },
                        "meta": {
                            "schema_version": "6"
                        },
                        "tainted": false
                    },
                    "deposed": [],
                    "provider": "provider.google"
                },
                "google_compute_project_metadata.appuser1": {
                    "type": "google_compute_project_metadata",
                    "depends_on": [],
                    "primary": {
                        "id": "common_metadata",
                        "attributes": {
                            "id": "common_metadata",
                            "metadata.%": "1",
                            "metadata.ssh-keys": "appuser1:ssh-rsa AAAAB3NzaC1yc2EAAAADAQABAAABAQChk2bcR8hjYNoB3Zbg0vqM0Z4PPPrnZ1q630caJmJWcDDJzUqh8NuG9LmdfsZjWB6Il7stnPj2LYV6XRdHqwTWi/cCcKZPnaUvADSIVY8AXPB2oe7WuUfTp6S+yKFAn8qLuafKDWxF0ER6W/EjlxuBtzK5K8x2tV5HBl3UqUeHA7dVevIiIj0Rr3axoy/akjjNCWgT5N/LBtF/XFBseaqZh7lFZJUegvnN8ERYZ7vj8Gajr9bbodS5ayEhOAoF0mNGcM6sQ+qt8ecgG+T/R0Yy3diGgX/7EGuIdCp5Hm9LOgVuWljfE0S8/twV6yvFUdews//yp0BmT7zjrsStOGev appuser\nappuser2:ssh-rsa AAAAB3NzaC1yc2EAAAADAQABAAABAQChk2bcR8hjYNoB3Zbg0vqM0Z4PPPrnZ1q630caJmJWcDDJzUqh8NuG9LmdfsZjWB6Il7stnPj2LYV6XRdHqwTWi/cCcKZPnaUvADSIVY8AXPB2oe7WuUfTp6S+yKFAn8qLuafKDWxF0ER6W/EjlxuBtzK5K8x2tV5HBl3UqUeHA7dVevIiIj0Rr3axoy/akjjNCWgT5N/LBtF/XFBseaqZh7lFZJUegvnN8ERYZ7vj8Gajr9bbodS5ayEhOAoF0mNGcM6sQ+qt8ecgG+T/R0Yy3diGgX/7EGuIdCp5Hm9LOgVuWljfE0S8/twV6yvFUdews//yp0BmT7zjrsStOGev appuser\n"
                        },
                        "meta": {},
                        "tainted": false
                    },
                    "deposed": [],
                    "provider": "provider.google"
                }
            },
            "depends_on": []
        }
    ]
}
